Microsoft Visual Studio Solution File, Format Version 12.00
# Visual Studio Version 17
VisualStudioVersion = 17.5.2.0
MinimumVisualStudioVersion = 10.0.40219.1
Project("{2150E333-8FDC-42A3-9474-1A3956D46DE8}") = "services", "services", "{5854FF58-B8C5-05C6-5BF2-ACE42193F22B}"
EndProject
Project("{2150E333-8FDC-42A3-9474-1A3956D46DE8}") = "product-view", "product-view", "{00F9BE03-327A-9CDF-4DB5-89610D339DE6}"
EndProject
Project("{2150E333-8FDC-42A3-9474-1A3956D46DE8}") = "src", "src", "{085AC423-0B5F-2AA5-2826-A02F8EE094E4}"
EndProject
Project("{FAE04EC0-301F-11D3-BF4B-00C04F79EFBC}") = "GraphProductView", "services\product-view\src\GraphProductView\GraphProductView.csproj", "{BD03E86E-5934-82BF-3010-8E4C495556F6}"
EndProject
Global
	GlobalSection(SolutionConfigurationPlatforms) = preSolution
		Debug|Any CPU = Debug|Any CPU
		Release|Any CPU = Release|Any CPU
	EndGlobalSection
	GlobalSection(ProjectConfigurationPlatforms) = postSolution
		{BD03E86E-5934-82BF-3010-8E4C495556F6}.Debug|Any CPU.ActiveCfg = Debug|Any CPU
		{BD03E86E-5934-82BF-3010-8E4C495556F6}.Debug|Any CPU.Build.0 = Debug|Any CPU
		{BD03E86E-5934-82BF-3010-8E4C495556F6}.Release|Any CPU.ActiveCfg = Release|Any CPU
		{BD03E86E-5934-82BF-3010-8E4C495556F6}.Release|Any CPU.Build.0 = Release|Any CPU
	EndGlobalSection
	GlobalSection(SolutionProperties) = preSolution
		HideSolutionNode = FALSE
	EndGlobalSection
	GlobalSection(NestedProjects) = preSolution
		{00F9BE03-327A-9CDF-4DB5-89610D339DE6} = {5854FF58-B8C5-05C6-5BF2-ACE42193F22B}
		{085AC423-0B5F-2AA5-2826-A02F8EE094E4} = {00F9BE03-327A-9CDF-4DB5-89610D339DE6}
		{BD03E86E-5934-82BF-3010-8E4C495556F6} = {085AC423-0B5F-2AA5-2826-A02F8EE094E4}
	EndGlobalSection
	GlobalSection(ExtensibilityGlobals) = postSolution
		SolutionGuid = {61403595-CD23-4502-ADA8-8F403FAE8279}
	EndGlobalSection
EndGlobal
